// !$*UTF8*$!
{
	archiveVersion = 1;
	classes = {
	};
	objectVersion = 50;
	objects = {

/* Begin PBXBuildFile section */
		8BF7376F22B8B324007FA096 /* AppDelegate.swift in Sources */ = {isa = PBXBuildFile; fileRef = 8BF7376E22B8B324007FA096 /* AppDelegate.swift */; };
		8BF7377122B8B324007FA096 /* ViewController.swift in Sources */ = {isa = PBXBuildFile; fileRef = 8BF7377022B8B324007FA096 /* ViewController.swift */; };
		8BF7377422B8B324007FA096 /* Main.storyboard in Resources */ = {isa = PBXBuildFile; fileRef = 8BF7377222B8B324007FA096 /* Main.storyboard */; };
		8BF7377622B8B325007FA096 /* Assets.xcassets in Resources */ = {isa = PBXBuildFile; fileRef = 8BF7377522B8B325007FA096 /* Assets.xcassets */; };
		8BF7377922B8B325007FA096 /* LaunchScreen.storyboard in Resources */ = {isa = PBXBuildFile; fileRef = 8BF7377722B8B325007FA096 /* LaunchScreen.storyboard */; };
		8BF7378422B8B325007FA096 /* weatherTests.swift in Sources */ = {isa = PBXBuildFile; fileRef = 8BF7378322B8B325007FA096 /* weatherTests.swift */; };
		8BF7378F22B8B325007FA096 /* weatherUITests.swift in Sources */ = {isa = PBXBuildFile; fileRef = 8BF7378E22B8B325007FA096 /* weatherUITests.swift */; };
/* End PBXBuildFile section */

/* Begin PBXContainerItemProxy section */
		8BF7378022B8B325007FA096 /* PBXContainerItemProxy */ = {
			isa = PBXContainerItemProxy;
			containerPortal = 8BF7376322B8B323007FA096 /* Project object */;
			proxyType = 1;
			remoteGlobalIDString = 8BF7376A22B8B323007FA096;
			remoteInfo = weather;
		};
		8BF7378B22B8B325007FA096 /* PBXContainerItemProxy */ = {
			isa = PBXContainerItemProxy;
			containerPortal = 8BF7376322B8B323007FA096 /* Project object */;
			proxyType = 1;
			remoteGlobalIDString = 8BF7376A22B8B323007FA096;
			remoteInfo = weather;
		};
/* End PBXContainerItemProxy section */

/* Begin PBXFileReference section */
		8BF7376B22B8B324007FA096 /* weather.app */ = {isa = PBXFileReference; explicitFileType = wrapper.application; includeInIndex = 0; path = weather.app; sourceTree = BUILT_PRODUCTS_DIR; };
		8BF7376E22B8B324007FA096 /* AppDelegate.swift */ = {isa = PBXFileReference; lastKnownFileType = sourcecode.swift; path = AppDelegate.swift; sourceTree = "<group>"; };
		8BF7377022B8B324007FA096 /* ViewController.swift */ = {isa = PBXFileReference; lastKnownFileType = sourcecode.swift; path = ViewController.swift; sourceTree = "<group>"; };
		8BF7377322B8B324007FA096 /* Base */ = {isa = PBXFileReference; lastKnownFileType = file.storyboard; name = Base; path = Base.lproj/Main.storyboard; sourceTree = "<group>"; };
		8BF7377522B8B325007FA096 /* Assets.xcassets */ = {isa = PBXFileReference; lastKnownFileType = folder.assetcatalog; path = Assets.xcassets; sourceTree = "<group>"; };
		8BF7377822B8B325007FA096 /* Base */ = {isa = PBXFileReference; lastKnownFileType = file.storyboard; name = Base; path = Base.lproj/LaunchScreen.storyboard; sourceTree = "<group>"; };
		8BF7377A22B8B325007FA096 /* Info.plist */ = {isa = PBXFileReference; lastKnownFileType = text.plist.xml; path = Info.plist; sourceTree = "<group>"; };
		8BF7377F22B8B325007FA096 /* weatherTests.xctest */ = {isa = PBXFileReference; explicitFileType = wrapper.cfbundle; includeInIndex = 0; path = weatherTests.xctest; sourceTree = BUILT_PRODUCTS_DIR; };
		8BF7378322B8B325007FA096 /* weatherTests.swift */ = {isa = PBXFileReference; lastKnownFileType = sourcecode.swift; path = weatherTests.swift; sourceTree = "<group>"; };
		8BF7378522B8B325007FA096 /* Info.plist */ = {isa = PBXFileReference; lastKnownFileType = text.plist.xml; path = Info.plist; sourceTree = "<group>"; };
		8BF7378A22B8B325007FA096 /* weatherUITests.xctest */ = {isa = PBXFileReference; explicitFileType = wrapper.cfbundle; includeInIndex = 0; path = weatherUITests.xctest; sourceTree = BUILT_PRODUCTS_DIR; };
		8BF7378E22B8B325007FA096 /* weatherUITests.swift */ = {isa = PBXFileReference; lastKnownFileType = sourcecode.swift; path = weatherUITests.swift; sourceTree = "<group>"; };
		8BF7379022B8B325007FA096 /* Info.plist */ = {isa = PBXFileReference; lastKnownFileType = text.plist.xml; path = Info.plist; sourceTree = "<group>"; };
/* End PBXFileReference section */

/* Begin PBXFrameworksBuildPhase section */
		8BF7376822B8B323007FA096 /* Frameworks */ = {
			isa = PBXFrameworksBuildPhase;
			buildActionMask = 2147483647;
			files = (
			);
			runOnlyForDeploymentPostprocessing = 0;
		};
		8BF7377C22B8B325007FA096 /* Frameworks */ = {
			isa = PBXFrameworksBuildPhase;
			buildActionMask = 2147483647;
			files = (
			);
			runOnlyForDeploymentPostprocessing = 0;
		};
		8BF7378722B8B325007FA096 /* Frameworks */ = {
			isa = PBXFrameworksBuildPhase;
			buildActionMask = 2147483647;
			files = (
			);
			runOnlyForDeploymentPostprocessing = 0;
		};
/* End PBXFrameworksBuildPhase section */

/* Begin PBXGroup section */
		8BF7376222B8B323007FA096 = {
			isa = PBXGroup;
			children = (
				8BF7376D22B8B324007FA096 /* weather */,
				8BF7378222B8B325007FA096 /* weatherTests */,
				8BF7378D22B8B325007FA096 /* weatherUITests */,
				8BF7376C22B8B324007FA096 /* Products */,
			);
			sourceTree = "<group>";
		};
		8BF7376C22B8B324007FA096 /* Products */ = {
			isa = PBXGroup;
			children = (
				8BF7376B22B8B324007FA096 /* weather.app */,
				8BF7377F22B8B325007FA096 /* weatherTests.xctest */,
				8BF7378A22B8B325007FA096 /* weatherUITests.xctest */,
			);
			name = Products;
			sourceTree = "<group>";
		};
		8BF7376D22B8B324007FA096 /* weather */ = {
			isa = PBXGroup;
			children = (
				8BF7376E22B8B324007FA096 /* AppDelegate.swift */,
				8BF7377022B8B324007FA096 /* ViewController.swift */,
				8BF7377222B8B324007FA096 /* Main.storyboard */,
				8BF7377522B8B325007FA096 /* Assets.xcassets */,
				8BF7377722B8B325007FA096 /* LaunchScreen.storyboard */,
				8BF7377A22B8B325007FA096 /* Info.plist */,
			);
			path = weather;
			sourceTree = "<group>";
		};
		8BF7378222B8B325007FA096 /* weatherTests */ = {
			isa = PBXGroup;
			children = (
				8BF7378322B8B325007FA096 /* weatherTests.swift */,
				8BF7378522B8B325007FA096 /* Info.plist */,
			);
			path = weatherTests;
			sourceTree = "<group>";
		};
		8BF7378D22B8B325007FA096 /* weatherUITests */ = {
			isa = PBXGroup;
			children = (
				8BF7378E22B8B325007FA096 /* weatherUITests.swift */,
				8BF7379022B8B325007FA096 /* Info.plist */,
			);
			path = weatherUITests;
			sourceTree = "<group>";
		};
/* End PBXGroup section */

/* Begin PBXNativeTarget section */
		8BF7376A22B8B323007FA096 /* weather */ = {
			isa = PBXNativeTarget;
			buildConfigurationList = 8BF7379322B8B325007FA096 /* Build configuration list for PBXNativeTarget "weather" */;
			buildPhases = (
				8BF7376722B8B323007FA096 /* Sources */,
				8BF7376822B8B323007FA096 /* Frameworks */,
				8BF7376922B8B323007FA096 /* Resources */,
			);
			buildRules = (
			);
			dependencies = (
			);
			name = weather;
			productName = weather;
			productReference = 8BF7376B22B8B324007FA096 /* weather.app */;
			productType = "com.apple.product-type.application";
		};
		8BF7377E22B8B325007FA096 /* weatherTests */ = {
			isa = PBXNativeTarget;
			buildConfigurationList = 8BF7379622B8B325007FA096 /* Build configuration list for PBXNativeTarget "weatherTests" */;
			buildPhases = (
				8BF7377B22B8B325007FA096 /* Sources */,
				8BF7377C22B8B325007FA096 /* Frameworks */,
				8BF7377D22B8B325007FA096 /* Resources */,
			);
			buildRules = (
			);
			dependencies = (
				8BF7378122B8B325007FA096 /* PBXTargetDependency */,
			);
			name = weatherTests;
			productName = weatherTests;
			productReference = 8BF7377F22B8B325007FA096 /* weatherTests.xctest */;
			productType = "com.apple.product-type.bundle.unit-test";
		};
		8BF7378922B8B325007FA096 /* weatherUITests */ = {
			isa = PBXNativeTarget;
			buildConfigurationList = 8BF7379922B8B325007FA096 /* Build configuration list for PBXNativeTarget "weatherUITests" */;
			buildPhases = (
				8BF7378622B8B325007FA096 /* Sources */,
				8BF7378722B8B325007FA096 /* Frameworks */,
				8BF7378822B8B325007FA096 /* Resources */,
			);
			buildRules = (
			);
			dependencies = (
				8BF7378C22B8B325007FA096 /* PBXTargetDependency */,
			);
			name = weatherUITests;
			productName = weatherUITests;
			productReference = 8BF7378A22B8B325007FA096 /* weatherUITests.xctest */;
			productType = "com.apple.product-type.bundle.ui-testing";
		};
/* End PBXNativeTarget section */

/* Begin PBXProject section */
		8BF7376322B8B323007FA096 /* Project object */ = {
			isa = PBXProject;
			attributes = {
				LastSwiftUpdateCheck = 1020;
				LastUpgradeCheck = 1020;
				ORGANIZATIONNAME = "Sajid Nawaz";
				TargetAttributes = {
					8BF7376A22B8B323007FA096 = {
						CreatedOnToolsVersion = 10.2.1;
					};
					8BF7377E22B8B325007FA096 = {
						CreatedOnToolsVersion = 10.2.1;
						TestTargetID = 8BF7376A22B8B323007FA096;
					};
					8BF7378922B8B325007FA096 = {
						CreatedOnToolsVersion = 10.2.1;
						TestTargetID = 8BF7376A22B8B323007FA096;
					};
				};
			};
			buildConfigurationList = 8BF7376622B8B323007FA096 /* Build configuration list for PBXProject "weather" */;
			compatibilityVersion = "Xcode 9.3";
			developmentRegion = en;
			hasScannedForEncodings = 0;
			knownRegions = (
				en,
				Base,
			);
			mainGroup = 8BF7376222B8B323007FA096;
			productRefGroup = 8BF7376C22B8B324007FA096 /* Products */;
			projectDirPath = "";
			projectRoot = "";
			targets = (
				8BF7376A22B8B323007FA096 /* weather */,
				8BF7377E22B8B325007FA096 /* weatherTests */,
				8BF7378922B8B325007FA096 /* weatherUITests */,
			);
		};
/* End PBXProject section */

/* Begin PBXResourcesBuildPhase section */
		8BF7376922B8B323007FA096 /* Resources */ = {
			isa = PBXResourcesBuildPhase;
			buildActionMask = 2147483647;
			files = (
				8BF7377922B8B325007FA096 /* LaunchScreen.storyboard in Resources */,
				8BF7377622B8B325007FA096 /* Assets.xcassets in Resources */,
				8BF7377422B8B324007FA096 /* Main.storyboard in Resources */,
			);
			runOnlyForDeploymentPostprocessing = 0;
		};
		8BF7377D22B8B325007FA096 /* Resources */ = {
			isa = PBXResourcesBuildPhase;
			buildActionMask = 2147483647;
			files = (
			);
			runOnlyForDeploymentPostprocessing = 0;
		};
		8BF7378822B8B325007FA096 /* Resources */ = {
			isa = PBXResourcesBuildPhase;
			buildActionMask = 2147483647;
			files = (
			);
			runOnlyForDeploymentPostprocessing = 0;
		};
/* End PBXResourcesBuildPhase section */

/* Begin PBXSourcesBuildPhase section */
		8BF7376722B8B323007FA096 /* Sources */ = {
			isa = PBXSourcesBuildPhase;
			buildActionMask = 2147483647;
			files = (
				8BF7377122B8B324007FA096 /* ViewController.swift in Sources */,
				8BF7376F22B8B324007FA096 /* AppDelegate.swift in Sources */,
			);
			runOnlyForDeploymentPostprocessing = 0;
		};
		8BF7377B22B8B325007FA096 /* Sources */ = {
			isa = PBXSourcesBuildPhase;
			buildActionMask = 2147483647;
			files = (
				8BF7378422B8B325007FA096 /* weatherTests.swift in Sources */,
			);
			runOnlyForDeploymentPostprocessing = 0;
		};
		8BF7378622B8B325007FA096 /* Sources */ = {
			isa = PBXSourcesBuildPhase;
			buildActionMask = 2147483647;
			files = (
				8BF7378F22B8B325007FA096 /* weatherUITests.swift in Sources */,
			);
			runOnlyForDeploymentPostprocessing = 0;
		};
/* End PBXSourcesBuildPhase section */

/* Begin PBXTargetDependency section */
		8BF7378122B8B325007FA096 /* PBXTargetDependency */ = {
			isa = PBXTargetDependency;
			target = 8BF7376A22B8B323007FA096 /* weather */;
			targetProxy = 8BF7378022B8B325007FA096 /* PBXContainerItemProxy */;
		};
		8BF7378C22B8B325007FA096 /* PBXTargetDependency */ = {
			isa = PBXTargetDependency;
			target = 8BF7376A22B8B323007FA096 /* weather */;
			targetProxy = 8BF7378B22B8B325007FA096 /* PBXContainerItemProxy */;
		};
/* End PBXTargetDependency section */

/* Begin PBXVariantGroup section */
		8BF7377222B8B324007FA096 /* Main.storyboard */ = {
			isa = PBXVariantGroup;
			children = (
				8BF7377322B8B324007FA096 /* Base */,
			);
			name = Main.storyboard;
			sourceTree = "<group>";
		};
		8BF7377722B8B325007FA096 /* LaunchScreen.storyboard */ = {
			isa = PBXVariantGroup;
			children = (
				8BF7377822B8B325007FA096 /* Base */,
			);
			name = LaunchScreen.storyboard;
			sourceTree = "<group>";
		};
/* End PBXVariantGroup section */

/* Begin XCBuildConfiguration section */
		8BF7379122B8B325007FA096 /* Debug */ = {
			isa = XCBuildConfiguration;
			buildSettings = {
				ALWAYS_SEARCH_USER_PATHS = NO;
				CLANG_ANALYZER_NONNULL = YES;
				CLANG_ANALYZER_NUMBER_OBJECT_CONVERSION = YES_AGGRESSIVE;
				CLANG_CXX_LANGUAGE_STANDARD = "gnu++14";
				CLANG_CXX_LIBRARY = "libc++";
				CLANG_ENABLE_MODULES = YES;
				CLANG_ENABLE_OBJC_ARC = YES;
				CLANG_ENABLE_OBJC_WEAK = YES;
				CLANG_WARN_BLOCK_CAPTURE_AUTORELEASING = YES;
				CLANG_WARN_BOOL_CONVERSION = YES;
				CLANG_WARN_COMMA = YES;
				CLANG_WARN_CONSTANT_CONVERSION = YES;
				CLANG_WARN_DEPRECATED_OBJC_IMPLEMENTATIONS = YES;
				CLANG_WARN_DIRECT_OBJC_ISA_USAGE = YES_ERROR;
				CLANG_WARN_DOCUMENTATION_COMMENTS = YES;
				CLANG_WARN_EMPTY_BODY = YES;
				CLANG_WARN_ENUM_CONVERSION = YES;
				CLANG_WARN_INFINITE_RECURSION = YES;
				CLANG_WARN_INT_CONVERSION = YES;
				CLANG_WARN_NON_LITERAL_NULL_CONVERSION = YES;
				CLANG_WARN_OBJC_IMPLICIT_RETAIN_SELF = YES;
				CLANG_WARN_OBJC_LITERAL_CONVERSION = YES;
				CLANG_WARN_OBJC_ROOT_CLASS = YES_ERROR;
				CLANG_WARN_RANGE_LOOP_ANALYSIS = YES;
				CLANG_WARN_STRICT_PROTOTYPES = YES;
				CLANG_WARN_SUSPICIOUS_MOVE = YES;
				CLANG_WARN_UNGUARDED_AVAILABILITY = YES_AGGRESSIVE;
				CLANG_WARN_UNREACHABLE_CODE = YES;
				CLANG_WARN__DUPLICATE_METHOD_MATCH = YES;
				CODE_SIGN_IDENTITY = "iPhone Developer";
				COPY_PHASE_STRIP = NO;
				DEBUG_INFORMATION_FORMAT = dwarf;
				ENABLE_STRICT_OBJC_MSGSEND = YES;
				ENABLE_TESTABILITY = YES;
				GCC_C_LANGUAGE_STANDARD = gnu11;
				GCC_DYNAMIC_NO_PIC = NO;
				GCC_NO_COMMON_BLOCKS = YES;
				GCC_OPTIMIZATION_LEVEL = 0;
				GCC_PREPROCESSOR_DEFINITIONS = (
					"DEBUG=1",
					"$(inherited)",
				);
				GCC_WARN_64_TO_32_BIT_CONVERSION = YES;
				GCC_WARN_ABOUT_RETURN_TYPE = YES_ERROR;
				GCC_WARN_UNDECLARED_SELECTOR = YES;
				GCC_WARN_UNINITIALIZED_AUTOS = YES_AGGRESSIVE;
				GCC_WARN_UNUSED_FUNCTION = YES;
				GCC_WARN_UNUSED_VARIABLE = YES;
				IPHONEOS_DEPLOYMENT_TARGET = 12.2;
				MTL_ENABLE_DEBUG_INFO = INCLUDE_SOURCE;
				MTL_FAST_MATH = YES;
				ONLY_ACTIVE_ARCH = YES;
				SDKROOT = iphoneos;
				SWIFT_ACTIVE_COMPILATION_CONDITIONS = DEBUG;
				SWIFT_OPTIMIZATION_LEVEL = "-Onone";
			};
			name = Debug;
		};
		8BF7379222B8B325007FA096 /* Release */ = {
			isa = XCBuildConfiguration;
			buildSettings = {
				ALWAYS_SEARCH_USER_PATHS = NO;
				CLANG_ANALYZER_NONNULL = YES;
				CLANG_ANALYZER_NUMBER_OBJECT_CONVERSION = YES_AGGRESSIVE;
				CLANG_CXX_LANGUAGE_STANDARD = "gnu++14";
				CLANG_CXX_LIBRARY = "libc++";
				CLANG_ENABLE_MODULES = YES;
				CLANG_ENABLE_OBJC_ARC = YES;
				CLANG_ENABLE_OBJC_WEAK = YES;
				CLANG_WARN_BLOCK_CAPTURE_AUTORELEASING = YES;
				CLANG_WARN_BOOL_CONVERSION = YES;
				CLANG_WARN_COMMA = YES;
				CLANG_WARN_CONSTANT_CONVERSION = YES;
				CLANG_WARN_DEPRECATED_OBJC_IMPLEMENTATIONS = YES;
				CLANG_WARN_DIRECT_OBJC_ISA_USAGE = YES_ERROR;
				CLANG_WARN_DOCUMENTATION_COMMENTS = YES;
				CLANG_WARN_EMPTY_BODY = YES;
				CLANG_WARN_ENUM_CONVERSION = YES;
				CLANG_WARN_INFINITE_RECURSION = YES;
				CLANG_WARN_INT_CONVERSION = YES;
				CLANG_WARN_NON_LITERAL_NULL_CONVERSION = YES;
				CLANG_WARN_OBJC_IMPLICIT_RETAIN_SELF = YES;
				CLANG_WARN_OBJC_LITERAL_CONVERSION = YES;
				CLANG_WARN_OBJC_ROOT_CLASS = YES_ERROR;
				CLANG_WARN_RANGE_LOOP_ANALYSIS = YES;
				CLANG_WARN_STRICT_PROTOTYPES = YES;
				CLANG_WARN_SUSPICIOUS_MOVE = YES;
				CLANG_WARN_UNGUARDED_AVAILABILITY = YES_AGGRESSIVE;
				CLANG_WARN_UNREACHABLE_CODE = YES;
				CLANG_WARN__DUPLICATE_METHOD_MATCH = YES;
				CODE_SIGN_IDENTITY = "iPhone Developer";
				COPY_PHASE_STRIP = NO;
				DEBUG_INFORMATION_FORMAT = "dwarf-with-dsym";
				ENABLE_NS_ASSERTIONS = NO;
				ENABLE_STRICT_OBJC_MSGSEND = YES;
				GCC_C_LANGUAGE_STANDARD = gnu11;
				GCC_NO_COMMON_BLOCKS = YES;
				GCC_WARN_64_TO_32_BIT_CONVERSION = YES;
				GCC_WARN_ABOUT_RETURN_TYPE = YES_ERROR;
				GCC_WARN_UNDECLARED_SELECTOR = YES;
				GCC_WARN_UNINITIALIZED_AUTOS = YES_AGGRESSIVE;
				GCC_WARN_UNUSED_FUNCTION = YES;
				GCC_WARN_UNUSED_VARIABLE = YES;
				IPHONEOS_DEPLOYMENT_TARGET = 12.2;
				MTL_ENABLE_DEBUG_INFO = NO;
				MTL_FAST_MATH = YES;
				SDKROOT = iphoneos;
				SWIFT_COMPILATION_MODE = wholemodule;
				SWIFT_OPTIMIZATION_LEVEL = "-O";
				VALIDATE_PRODUCT = YES;
			};
			name = Release;
		};
		8BF7379422B8B325007FA096 /* Debug */ = {
			isa = XCBuildConfiguration;
			buildSettings = {
				ASSETCATALOG_COMPILER_APPICON_NAME = AppIcon;
				CODE_SIGN_STYLE = Automatic;
				DEVELOPMENT_TEAM = FRRLWUDE6Q;
				INFOPLIST_FILE = weather/Info.plist;
				LD_RUNPATH_SEARCH_PATHS = (
					"$(inherited)",
					"@executable_path/Frameworks",
				);
				PRODUCT_BUNDLE_IDENTIFIER = com.appsologix.op.weather;
				PRODUCT_NAME = "$(TARGET_NAME)";
				SWIFT_VERSION = 5.0;
				TARGETED_DEVICE_FAMILY = "1,2";
			};
			name = Debug;
		};
		8BF7379522B8B325007FA096 /* Release */ = {
			isa = XCBuildConfiguration;
			buildSettings = {
				ASSETCATALOG_COMPILER_APPICON_NAME = AppIcon;
				CODE_SIGN_STYLE = Automatic;
				DEVELOPMENT_TEAM = FRRLWUDE6Q;
				INFOPLIST_FILE = weather/Info.plist;
				LD_RUNPATH_SEARCH_PATHS = (
					"$(inherited)",
					"@executable_path/Frameworks",
				);
				PRODUCT_BUNDLE_IDENTIFIER = com.appsologix.op.weather;
				PRODUCT_NAME = "$(TARGET_NAME)";
				SWIFT_VERSION = 5.0;
				TARGETED_DEVICE_FAMILY = "1,2";
			};
			name = Release;
		};
		8BF7379722B8B325007FA096 /* Debug */ = {
			isa = XCBuildConfiguration;
			buildSettings = {
				ALWAYS_EMBED_SWIFT_STANDARD_LIBRARIES = YES;
				BUNDLE_LOADER = "$(TEST_HOST)";
				CODE_SIGN_STYLE = Automatic;
				DEVELOPMENT_TEAM = FRRLWUDE6Q;
				INFOPLIST_FILE = weatherTests/Info.plist;
				LD_RUNPATH_SEARCH_PATHS = (
					"$(inherited)",
					"@executable_path/Frameworks",
					"@loader_path/Frameworks",
				);
				PRODUCT_BUNDLE_IDENTIFIER = com.appsologix.op.weatherTests;
				PRODUCT_NAME = "$(TARGET_NAME)";
				SWIFT_VERSION = 5.0;
				TARGETED_DEVICE_FAMILY = "1,2";
				TEST_HOST = "$(BUILT_PRODUCTS_DIR)/weather.app/weather";
			};
			name = Debug;
		};
		8BF7379822B8B325007FA096 /* Release */ = {
			isa = XCBuildConfiguration;
			buildSettings = {
				ALWAYS_EMBED_SWIFT_STANDARD_LIBRARIES = YES;
				BUNDLE_LOADER = "$(TEST_HOST)";
				CODE_SIGN_STYLE = Automatic;
				DEVELOPMENT_TEAM = FRRLWUDE6Q;
				INFOPLIST_FILE = weatherTests/Info.plist;
				LD_RUNPATH_SEARCH_PATHS = (
					"$(inherited)",
					"@executable_path/Frameworks",
					"@loader_path/Frameworks",
				);
				PRODUCT_BUNDLE_IDENTIFIER = com.appsologix.op.weatherTests;
				PRODUCT_NAME = "$(TARGET_NAME)";
				SWIFT_VERSION = 5.0;
				TARGETED_DEVICE_FAMILY = "1,2";
				TEST_HOST = "$(BUILT_PRODUCTS_DIR)/weather.app/weather";
			};
			name = Release;
		};
		8BF7379A22B8B325007FA096 /* Debug */ = {
			isa = XCBuildConfiguration;
			buildSettings = {
				ALWAYS_EMBED_SWIFT_STANDARD_LIBRARIES = YES;
				CODE_SIGN_STYLE = Automatic;
				DEVELOPMENT_TEAM = FRRLWUDE6Q;
				INFOPLIST_FILE = weatherUITests/Info.plist;
				LD_RUNPATH_SEARCH_PATHS = (
					"$(inherited)",
					"@executable_path/Frameworks",
					"@loader_path/Frameworks",
				);
				PRODUCT_BUNDLE_IDENTIFIER = com.appsologix.op.weatherUITests;
				PRODUCT_NAME = "$(TARGET_NAME)";
				SWIFT_VERSION = 5.0;
				TARGETED_DEVICE_FAMILY = "1,2";
				TEST_TARGET_NAME = weather;
			};
			name = Debug;
		};
		8BF7379B22B8B325007FA096 /* Release */ = {
			isa = XCBuildConfiguration;
			buildSettings = {
				ALWAYS_EMBED_SWIFT_STANDARD_LIBRARIES = YES;
				CODE_SIGN_STYLE = Automatic;
				DEVELOPMENT_TEAM = FRRLWUDE6Q;
				INFOPLIST_FILE = weatherUITests/Info.plist;
				LD_RUNPATH_SEARCH_PATHS = (
					"$(inherited)",
					"@executable_path/Frameworks",
					"@loader_path/Frameworks",
				);
				PRODUCT_BUNDLE_IDENTIFIER = com.appsologix.op.weatherUITests;
				PRODUCT_NAME = "$(TARGET_NAME)";
				SWIFT_VERSION = 5.0;
				TARGETED_DEVICE_FAMILY = "1,2";
				TEST_TARGET_NAME = weather;
			};
			name = Release;
		};
/* End XCBuildConfiguration section */

/* Begin XCConfigurationList section */
		8BF7376622B8B323007FA096 /* Build configuration list for PBXProject "weather" */ = {
			isa = XCConfigurationList;
			buildConfigurations = (
				8BF7379122B8B325007FA096 /* Debug */,
				8BF7379222B8B325007FA096 /* Release */,
			);
			defaultConfigurationIsVisible = 0;
			defaultConfigurationName = Release;
		};
		8BF7379322B8B325007FA096 /* Build configuration list for PBXNativeTarget "weather" */ = {
			isa = XCConfigurationList;
			buildConfigurations = (
				8BF7379422B8B325007FA096 /* Debug */,
				8BF7379522B8B325007FA096 /* Release */,
			);
			defaultConfigurationIsVisible = 0;
			defaultConfigurationName = Release;
		};
		8BF7379622B8B325007FA096 /* Build configuration list for PBXNativeTarget "weatherTests" */ = {
			isa = XCConfigurationList;
			buildConfigurations = (
				8BF7379722B8B325007FA096 /* Debug */,
				8BF7379822B8B325007FA096 /* Release */,
			);
			defaultConfigurationIsVisible = 0;
			defaultConfigurationName = Release;
		};
		8BF7379922B8B325007FA096 /* Build configuration list for PBXNativeTarget "weatherUITests" */ = {
			isa = XCConfigurationList;
			buildConfigurations = (
				8BF7379A22B8B325007FA096 /* Debug */,
				8BF7379B22B8B325007FA096 /* Release */,
			);
			defaultConfigurationIsVisible = 0;
			defaultConfigurationName = Release;
		};
/* End XCConfigurationList section */
	};
	rootObject = 8BF7376322B8B323007FA096 /* Project object */;
}
